// !$*UTF8*$!
{
	archiveVersion = 1;
	classes = {
	};
	objectVersion = 56;
	objects = {

/* Begin PBXBuildFile section */
		04477B992BF95D5B006A59E1 /* CrySkyApp.swift in Sources */ = {isa = PBXBuildFile; fileRef = 04477B982BF95D5B006A59E1 /* CrySkyApp.swift */; };
		04477B9B2BF95D5B006A59E1 /* HomeView.swift in Sources */ = {isa = PBXBuildFile; fileRef = 04477B9A2BF95D5B006A59E1 /* HomeView.swift */; };
		04477B9D2BF95D5E006A59E1 /* Assets.xcassets in Resources */ = {isa = PBXBuildFile; fileRef = 04477B9C2BF95D5E006A59E1 /* Assets.xcassets */; };
		04477BA02BF95D5E006A59E1 /* Preview Assets.xcassets in Resources */ = {isa = PBXBuildFile; fileRef = 04477B9F2BF95D5E006A59E1 /* Preview Assets.xcassets */; };
		045A351D2BFA51110056F604 /* NetworkService.swift in Sources */ = {isa = PBXBuildFile; fileRef = 045A351C2BFA51110056F604 /* NetworkService.swift */; };
		045A35202BFA55140056F604 /* Alamofire in Frameworks */ = {isa = PBXBuildFile; productRef = 045A351F2BFA55140056F604 /* Alamofire */; };
		045A35222BFA55140056F604 /* AlamofireDynamic in Frameworks */ = {isa = PBXBuildFile; productRef = 045A35212BFA55140056F604 /* AlamofireDynamic */; };
		045A35252BFA55800056F604 /* Kingfisher in Frameworks */ = {isa = PBXBuildFile; productRef = 045A35242BFA55800056F604 /* Kingfisher */; };
		045A35272BFA55920056F604 /* Model.swift in Sources */ = {isa = PBXBuildFile; fileRef = 045A35262BFA55920056F604 /* Model.swift */; };
		045A352A2BFB00820056F604 /* Utils.swift in Sources */ = {isa = PBXBuildFile; fileRef = 045A35292BFB00820056F604 /* Utils.swift */; };
		047A048F2BFBE5A60082B560 /* LocationManger.swift in Sources */ = {isa = PBXBuildFile; fileRef = 047A048E2BFBE5A60082B560 /* LocationManger.swift */; };
		047A04922BFBE8FE0082B560 /* DetailsViewModel.swift in Sources */ = {isa = PBXBuildFile; fileRef = 047A04912BFBE8FE0082B560 /* DetailsViewModel.swift */; };
		04900E972BFB3AB400F9BA5A /* HomeViewModel.swift in Sources */ = {isa = PBXBuildFile; fileRef = 04900E962BFB3AB400F9BA5A /* HomeViewModel.swift */; };
		04900E992BFB9F0000F9BA5A /* HomeCustomCell.swift in Sources */ = {isa = PBXBuildFile; fileRef = 04900E982BFB9F0000F9BA5A /* HomeCustomCell.swift */; };
		04900EA42BFBA73500F9BA5A /* DetailsView.swift in Sources */ = {isa = PBXBuildFile; fileRef = 04900EA32BFBA73500F9BA5A /* DetailsView.swift */; };
		04900EA62BFBA74C00F9BA5A /* DetailsCustomCell.swift in Sources */ = {isa = PBXBuildFile; fileRef = 04900EA52BFBA74C00F9BA5A /* DetailsCustomCell.swift */; };
/* End PBXBuildFile section */

/* Begin PBXFileReference section */
		04477B952BF95D5B006A59E1 /* CrySky.app */ = {isa = PBXFileReference; explicitFileType = wrapper.application; includeInIndex = 0; path = CrySky.app; sourceTree = BUILT_PRODUCTS_DIR; };
		04477B982BF95D5B006A59E1 /* CrySkyApp.swift */ = {isa = PBXFileReference; lastKnownFileType = sourcecode.swift; path = CrySkyApp.swift; sourceTree = "<group>"; };
		04477B9A2BF95D5B006A59E1 /* HomeView.swift */ = {isa = PBXFileReference; lastKnownFileType = sourcecode.swift; path = HomeView.swift; sourceTree = "<group>"; };
		04477B9C2BF95D5E006A59E1 /* Assets.xcassets */ = {isa = PBXFileReference; lastKnownFileType = folder.assetcatalog; path = Assets.xcassets; sourceTree = "<group>"; };
		04477B9F2BF95D5E006A59E1 /* Preview Assets.xcassets */ = {isa = PBXFileReference; lastKnownFileType = folder.assetcatalog; path = "Preview Assets.xcassets"; sourceTree = "<group>"; };
		045A351C2BFA51110056F604 /* NetworkService.swift */ = {isa = PBXFileReference; lastKnownFileType = sourcecode.swift; path = NetworkService.swift; sourceTree = "<group>"; };
		045A35262BFA55920056F604 /* Model.swift */ = {isa = PBXFileReference; lastKnownFileType = sourcecode.swift; path = Model.swift; sourceTree = "<group>"; };
		045A35282BFAFAC60056F604 /* Info.plist */ = {isa = PBXFileReference; lastKnownFileType = text.plist; path = Info.plist; sourceTree = "<group>"; };
		045A35292BFB00820056F604 /* Utils.swift */ = {isa = PBXFileReference; lastKnownFileType = sourcecode.swift; path = Utils.swift; sourceTree = "<group>"; };
		047A048E2BFBE5A60082B560 /* LocationManger.swift */ = {isa = PBXFileReference; lastKnownFileType = sourcecode.swift; path = LocationManger.swift; sourceTree = "<group>"; };
		047A04912BFBE8FE0082B560 /* DetailsViewModel.swift */ = {isa = PBXFileReference; lastKnownFileType = sourcecode.swift; path = DetailsViewModel.swift; sourceTree = "<group>"; };
		04900E962BFB3AB400F9BA5A /* HomeViewModel.swift */ = {isa = PBXFileReference; lastKnownFileType = sourcecode.swift; path = HomeViewModel.swift; sourceTree = "<group>"; };
		04900E982BFB9F0000F9BA5A /* HomeCustomCell.swift */ = {isa = PBXFileReference; lastKnownFileType = sourcecode.swift; path = HomeCustomCell.swift; sourceTree = "<group>"; };
		04900EA32BFBA73500F9BA5A /* DetailsView.swift */ = {isa = PBXFileReference; lastKnownFileType = sourcecode.swift; path = DetailsView.swift; sourceTree = "<group>"; };
		04900EA52BFBA74C00F9BA5A /* DetailsCustomCell.swift */ = {isa = PBXFileReference; lastKnownFileType = sourcecode.swift; path = DetailsCustomCell.swift; sourceTree = "<group>"; };
/* End PBXFileReference section */

/* Begin PBXFrameworksBuildPhase section */
		04477B922BF95D5B006A59E1 /* Frameworks */ = {
			isa = PBXFrameworksBuildPhase;
			buildActionMask = 2147483647;
			files = (
				045A35252BFA55800056F604 /* Kingfisher in Frameworks */,
				045A35202BFA55140056F604 /* Alamofire in Frameworks */,
				045A35222BFA55140056F604 /* AlamofireDynamic in Frameworks */,
			);
			runOnlyForDeploymentPostprocessing = 0;
		};
/* End PBXFrameworksBuildPhase section */

/* Begin PBXGroup section */
		04477B8C2BF95D5B006A59E1 = {
			isa = PBXGroup;
			children = (
				04477B972BF95D5B006A59E1 /* CrySky */,
				04477B962BF95D5B006A59E1 /* Products */,
			);
			sourceTree = "<group>";
		};
		04477B962BF95D5B006A59E1 /* Products */ = {
			isa = PBXGroup;
			children = (
				04477B952BF95D5B006A59E1 /* CrySky.app */,
			);
			name = Products;
			sourceTree = "<group>";
		};
		04477B972BF95D5B006A59E1 /* CrySky */ = {
			isa = PBXGroup;
			children = (
				045A35282BFAFAC60056F604 /* Info.plist */,
				04900E9D2BFBA66000F9BA5A /* Modules */,
				04900E9A2BFBA55D00F9BA5A /* Model */,
				04477B982BF95D5B006A59E1 /* CrySkyApp.swift */,
				04477B9C2BF95D5E006A59E1 /* Assets.xcassets */,
				04477B9E2BF95D5E006A59E1 /* Preview Content */,
			);
			path = CrySky;
			sourceTree = "<group>";
		};
		04477B9E2BF95D5E006A59E1 /* Preview Content */ = {
			isa = PBXGroup;
			children = (
				04477B9F2BF95D5E006A59E1 /* Preview Assets.xcassets */,
			);
			path = "Preview Content";
			sourceTree = "<group>";
		};
		047A04902BFBE8E80082B560 /* ViewModel */ = {
			isa = PBXGroup;
			children = (
				047A04912BFBE8FE0082B560 /* DetailsViewModel.swift */,
			);
			path = ViewModel;
			sourceTree = "<group>";
		};
		04900E9A2BFBA55D00F9BA5A /* Model */ = {
			isa = PBXGroup;
			children = (
				04900E9B2BFBA56500F9BA5A /* Models */,
				04900E9C2BFBA57900F9BA5A /* Services */,
				045A35292BFB00820056F604 /* Utils.swift */,
			);
			path = Model;
			sourceTree = "<group>";
		};
		04900E9B2BFBA56500F9BA5A /* Models */ = {
			isa = PBXGroup;
			children = (
				045A35262BFA55920056F604 /* Model.swift */,
			);
			path = Models;
			sourceTree = "<group>";
		};
		04900E9C2BFBA57900F9BA5A /* Services */ = {
			isa = PBXGroup;
			children = (
				045A351C2BFA51110056F604 /* NetworkService.swift */,
			);
			path = Services;
			sourceTree = "<group>";
		};
		04900E9D2BFBA66000F9BA5A /* Modules */ = {
			isa = PBXGroup;
			children = (
				04900EA12BFBA71800F9BA5A /* Details */,
				04900E9E2BFBA67500F9BA5A /* Home */,
			);
			path = Modules;
			sourceTree = "<group>";
		};
		04900E9E2BFBA67500F9BA5A /* Home */ = {
			isa = PBXGroup;
			children = (
				04900EA02BFBA6CB00F9BA5A /* View */,
				04900E9F2BFBA68100F9BA5A /* ViewModel */,
			);
			path = Home;
			sourceTree = "<group>";
		};
		04900E9F2BFBA68100F9BA5A /* ViewModel */ = {
			isa = PBXGroup;
			children = (
				04900E962BFB3AB400F9BA5A /* HomeViewModel.swift */,
				047A048E2BFBE5A60082B560 /* LocationManger.swift */,
			);
			path = ViewModel;
			sourceTree = "<group>";
		};
		04900EA02BFBA6CB00F9BA5A /* View */ = {
			isa = PBXGroup;
			children = (
				04477B9A2BF95D5B006A59E1 /* HomeView.swift */,
				04900E982BFB9F0000F9BA5A /* HomeCustomCell.swift */,
			);
			path = View;
			sourceTree = "<group>";
		};
		04900EA12BFBA71800F9BA5A /* Details */ = {
			isa = PBXGroup;
			children = (
				047A04902BFBE8E80082B560 /* ViewModel */,
				04900EA22BFBA72100F9BA5A /* View */,
			);
			path = Details;
			sourceTree = "<group>";
		};
		04900EA22BFBA72100F9BA5A /* View */ = {
			isa = PBXGroup;
			children = (
				04900EA32BFBA73500F9BA5A /* DetailsView.swift */,
				04900EA52BFBA74C00F9BA5A /* DetailsCustomCell.swift */,
			);
			path = View;
			sourceTree = "<group>";
		};
/* End PBXGroup section */

/* Begin PBXNativeTarget section */
		04477B942BF95D5B006A59E1 /* CrySky */ = {
			isa = PBXNativeTarget;
			buildConfigurationList = 04477BA32BF95D5E006A59E1 /* Build configuration list for PBXNativeTarget "CrySky" */;
			buildPhases = (
				04477B912BF95D5B006A59E1 /* Sources */,
				04477B922BF95D5B006A59E1 /* Frameworks */,
				04477B932BF95D5B006A59E1 /* Resources */,
			);
			buildRules = (
			);
			dependencies = (
			);
			name = CrySky;
			packageProductDependencies = (
				045A351F2BFA55140056F604 /* Alamofire */,
				045A35212BFA55140056F604 /* AlamofireDynamic */,
				045A35242BFA55800056F604 /* Kingfisher */,
			);
			productName = CrySky;
			productReference = 04477B952BF95D5B006A59E1 /* CrySky.app */;
			productType = "com.apple.product-type.application";
		};
/* End PBXNativeTarget section */

/* Begin PBXProject section */
		04477B8D2BF95D5B006A59E1 /* Project object */ = {
			isa = PBXProject;
			attributes = {
				BuildIndependentTargetsInParallel = 1;
				LastSwiftUpdateCheck = 1520;
				LastUpgradeCheck = 1520;
				TargetAttributes = {
					04477B942BF95D5B006A59E1 = {
						CreatedOnToolsVersion = 15.2;
					};
				};
			};
			buildConfigurationList = 04477B902BF95D5B006A59E1 /* Build configuration list for PBXProject "CrySky" */;
			compatibilityVersion = "Xcode 14.0";
			developmentRegion = en;
			hasScannedForEncodings = 0;
			knownRegions = (
				en,
				Base,
			);
			mainGroup = 04477B8C2BF95D5B006A59E1;
			packageReferences = (
				045A351E2BFA55140056F604 /* XCRemoteSwiftPackageReference "Alamofire" */,
				045A35232BFA55800056F604 /* XCRemoteSwiftPackageReference "Kingfisher" */,
			);
			productRefGroup = 04477B962BF95D5B006A59E1 /* Products */;
			projectDirPath = "";
			projectRoot = "";
			targets = (
				04477B942BF95D5B006A59E1 /* CrySky */,
			);
		};
/* End PBXProject section */

/* Begin PBXResourcesBuildPhase section */
		04477B932BF95D5B006A59E1 /* Resources */ = {
			isa = PBXResourcesBuildPhase;
			buildActionMask = 2147483647;
			files = (
				04477BA02BF95D5E006A59E1 /* Preview Assets.xcassets in Resources */,
				04477B9D2BF95D5E006A59E1 /* Assets.xcassets in Resources */,
			);
			runOnlyForDeploymentPostprocessing = 0;
		};
/* End PBXResourcesBuildPhase section */

/* Begin PBXSourcesBuildPhase section */
		04477B912BF95D5B006A59E1 /* Sources */ = {
			isa = PBXSourcesBuildPhase;
			buildActionMask = 2147483647;
			files = (
				04900E992BFB9F0000F9BA5A /* HomeCustomCell.swift in Sources */,
				045A352A2BFB00820056F604 /* Utils.swift in Sources */,
				04477B9B2BF95D5B006A59E1 /* HomeView.swift in Sources */,
				045A351D2BFA51110056F604 /* NetworkService.swift in Sources */,
				047A048F2BFBE5A60082B560 /* LocationManger.swift in Sources */,
				04477B992BF95D5B006A59E1 /* CrySkyApp.swift in Sources */,
				04900EA62BFBA74C00F9BA5A /* DetailsCustomCell.swift in Sources */,
				047A04922BFBE8FE0082B560 /* DetailsViewModel.swift in Sources */,
				04900EA42BFBA73500F9BA5A /* DetailsView.swift in Sources */,
				04900E972BFB3AB400F9BA5A /* HomeViewModel.swift in Sources */,
				045A35272BFA55920056F604 /* Model.swift in Sources */,
			);
			runOnlyForDeploymentPostprocessing = 0;
		};
/* End PBXSourcesBuildPhase section */

/* Begin XCBuildConfiguration section */
		04477BA12BF95D5E006A59E1 /* Debug */ = {
			isa = XCBuildConfiguration;
			buildSettings = {
				ALWAYS_SEARCH_USER_PATHS = NO;
				ASSETCATALOG_COMPILER_GENERATE_SWIFT_ASSET_SYMBOL_EXTENSIONS = YES;
				CLANG_ANALYZER_NONNULL = YES;
				CLANG_ANALYZER_NUMBER_OBJECT_CONVERSION = YES_AGGRESSIVE;
				CLANG_CXX_LANGUAGE_STANDARD = "gnu++20";
				CLANG_ENABLE_MODULES = YES;
				CLANG_ENABLE_OBJC_ARC = YES;
				CLANG_ENABLE_OBJC_WEAK = YES;
				CLANG_WARN_BLOCK_CAPTURE_AUTORELEASING = YES;
				CLANG_WARN_BOOL_CONVERSION = YES;
				CLANG_WARN_COMMA = YES;
				CLANG_WARN_CONSTANT_CONVERSION = YES;
				CLANG_WARN_DEPRECATED_OBJC_IMPLEMENTATIONS = YES;
				CLANG_WARN_DIRECT_OBJC_ISA_USAGE = YES_ERROR;
				CLANG_WARN_DOCUMENTATION_COMMENTS = YES;
				CLANG_WARN_EMPTY_BODY = YES;
				CLANG_WARN_ENUM_CONVERSION = YES;
				CLANG_WARN_INFINITE_RECURSION = YES;
				CLANG_WARN_INT_CONVERSION = YES;
				CLANG_WARN_NON_LITERAL_NULL_CONVERSION = YES;
				CLANG_WARN_OBJC_IMPLICIT_RETAIN_SELF = YES;
				CLANG_WARN_OBJC_LITERAL_CONVERSION = YES;
				CLANG_WARN_OBJC_ROOT_CLASS = YES_ERROR;
				CLANG_WARN_QUOTED_INCLUDE_IN_FRAMEWORK_HEADER = YES;
				CLANG_WARN_RANGE_LOOP_ANALYSIS = YES;
				CLANG_WARN_STRICT_PROTOTYPES = YES;
				CLANG_WARN_SUSPICIOUS_MOVE = YES;
				CLANG_WARN_UNGUARDED_AVAILABILITY = YES_AGGRESSIVE;
				CLANG_WARN_UNREACHABLE_CODE = YES;
				CLANG_WARN__DUPLICATE_METHOD_MATCH = YES;
				COPY_PHASE_STRIP = NO;
				DEBUG_INFORMATION_FORMAT = dwarf;
				ENABLE_STRICT_OBJC_MSGSEND = YES;
				ENABLE_TESTABILITY = YES;
				ENABLE_USER_SCRIPT_SANDBOXING = YES;
				GCC_C_LANGUAGE_STANDARD = gnu17;
				GCC_DYNAMIC_NO_PIC = NO;
				GCC_NO_COMMON_BLOCKS = YES;
				GCC_OPTIMIZATION_LEVEL = 0;
				GCC_PREPROCESSOR_DEFINITIONS = (
					"DEBUG=1",
					"$(inherited)",
				);
				GCC_WARN_64_TO_32_BIT_CONVERSION = YES;
				GCC_WARN_ABOUT_RETURN_TYPE = YES_ERROR;
				GCC_WARN_UNDECLARED_SELECTOR = YES;
				GCC_WARN_UNINITIALIZED_AUTOS = YES_AGGRESSIVE;
				GCC_WARN_UNUSED_FUNCTION = YES;
				GCC_WARN_UNUSED_VARIABLE = YES;
				IPHONEOS_DEPLOYMENT_TARGET = 17.2;
				LOCALIZATION_PREFERS_STRING_CATALOGS = YES;
				MTL_ENABLE_DEBUG_INFO = INCLUDE_SOURCE;
				MTL_FAST_MATH = YES;
				ONLY_ACTIVE_ARCH = YES;
				SDKROOT = iphoneos;
				SWIFT_ACTIVE_COMPILATION_CONDITIONS = "DEBUG $(inherited)";
				SWIFT_OPTIMIZATION_LEVEL = "-Onone";
			};
			name = Debug;
		};
		04477BA22BF95D5E006A59E1 /* Release */ = {
			isa = XCBuildConfiguration;
			buildSettings = {
				ALWAYS_SEARCH_USER_PATHS = NO;
				ASSETCATALOG_COMPILER_GENERATE_SWIFT_ASSET_SYMBOL_EXTENSIONS = YES;
				CLANG_ANALYZER_NONNULL = YES;
				CLANG_ANALYZER_NUMBER_OBJECT_CONVERSION = YES_AGGRESSIVE;
				CLANG_CXX_LANGUAGE_STANDARD = "gnu++20";
				CLANG_ENABLE_MODULES = YES;
				CLANG_ENABLE_OBJC_ARC = YES;
				CLANG_ENABLE_OBJC_WEAK = YES;
				CLANG_WARN_BLOCK_CAPTURE_AUTORELEASING = YES;
				CLANG_WARN_BOOL_CONVERSION = YES;
				CLANG_WARN_COMMA = YES;
				CLANG_WARN_CONSTANT_CONVERSION = YES;
				CLANG_WARN_DEPRECATED_OBJC_IMPLEMENTATIONS = YES;
				CLANG_WARN_DIRECT_OBJC_ISA_USAGE = YES_ERROR;
				CLANG_WARN_DOCUMENTATION_COMMENTS = YES;
				CLANG_WARN_EMPTY_BODY = YES;
				CLANG_WARN_ENUM_CONVERSION = YES;
				CLANG_WARN_INFINITE_RECURSION = YES;
				CLANG_WARN_INT_CONVERSION = YES;
				CLANG_WARN_NON_LITERAL_NULL_CONVERSION = YES;
				CLANG_WARN_OBJC_IMPLICIT_RETAIN_SELF = YES;
				CLANG_WARN_OBJC_LITERAL_CONVERSION = YES;
				CLANG_WARN_OBJC_ROOT_CLASS = YES_ERROR;
				CLANG_WARN_QUOTED_INCLUDE_IN_FRAMEWORK_HEADER = YES;
				CLANG_WARN_RANGE_LOOP_ANALYSIS = YES;
				CLANG_WARN_STRICT_PROTOTYPES = YES;
				CLANG_WARN_SUSPICIOUS_MOVE = YES;
				CLANG_WARN_UNGUARDED_AVAILABILITY = YES_AGGRESSIVE;
				CLANG_WARN_UNREACHABLE_CODE = YES;
				CLANG_WARN__DUPLICATE_METHOD_MATCH = YES;
				COPY_PHASE_STRIP = NO;
				DEBUG_INFORMATION_FORMAT = "dwarf-with-dsym";
				ENABLE_NS_ASSERTIONS = NO;
				ENABLE_STRICT_OBJC_MSGSEND = YES;
				ENABLE_USER_SCRIPT_SANDBOXING = YES;
				GCC_C_LANGUAGE_STANDARD = gnu17;
				GCC_NO_COMMON_BLOCKS = YES;
				GCC_WARN_64_TO_32_BIT_CONVERSION = YES;
				GCC_WARN_ABOUT_RETURN_TYPE = YES_ERROR;
				GCC_WARN_UNDECLARED_SELECTOR = YES;
				GCC_WARN_UNINITIALIZED_AUTOS = YES_AGGRESSIVE;
				GCC_WARN_UNUSED_FUNCTION = YES;
				GCC_WARN_UNUSED_VARIABLE = YES;
				IPHONEOS_DEPLOYMENT_TARGET = 17.2;
				LOCALIZATION_PREFERS_STRING_CATALOGS = YES;
				MTL_ENABLE_DEBUG_INFO = NO;
				MTL_FAST_MATH = YES;
				SDKROOT = iphoneos;
				SWIFT_COMPILATION_MODE = wholemodule;
				VALIDATE_PRODUCT = YES;
			};
			name = Release;
		};
		04477BA42BF95D5E006A59E1 /* Debug */ = {
			isa = XCBuildConfiguration;
			buildSettings = {
				ASSETCATALOG_COMPILER_APPICON_NAME = AppIcon;
				ASSETCATALOG_COMPILER_GLOBAL_ACCENT_COLOR_NAME = AccentColor;
				CODE_SIGN_STYLE = Automatic;
				CURRENT_PROJECT_VERSION = 1;
				DEVELOPMENT_ASSET_PATHS = "\"CrySky/Preview Content\"";
				ENABLE_PREVIEWS = YES;
				GENERATE_INFOPLIST_FILE = YES;
				INFOPLIST_FILE = CrySky/Info.plist;
				INFOPLIST_KEY_UIApplicationSceneManifest_Generation = YES;
				INFOPLIST_KEY_UIApplicationSupportsIndirectInputEvents = YES;
				INFOPLIST_KEY_UILaunchScreen_Generation = YES;
				INFOPLIST_KEY_UISupportedInterfaceOrientations_iPad = "UIInterfaceOrientationPortrait UIInterfaceOrientationPortraitUpsideDown UIInterfaceOrientationLandscapeLeft UIInterfaceOrientationLandscapeRight";
				INFOPLIST_KEY_UISupportedInterfaceOrientations_iPhone = "UIInterfaceOrientationPortrait UIInterfaceOrientationLandscapeLeft UIInterfaceOrientationLandscapeRight";
				LD_RUNPATH_SEARCH_PATHS = (
					"$(inherited)",
					"@executable_path/Frameworks",
				);
				MARKETING_VERSION = 1.0;
				PRODUCT_BUNDLE_IDENTIFIER = iti.CrySky;
				PRODUCT_NAME = "$(TARGET_NAME)";
				SWIFT_EMIT_LOC_STRINGS = YES;
				SWIFT_VERSION = 5.0;
				TARGETED_DEVICE_FAMILY = "1,2";
			};
			name = Debug;
		};
		04477BA52BF95D5E006A59E1 /* Release */ = {
			isa = XCBuildConfiguration;
			buildSettings = {
				ASSETCATALOG_COMPILER_APPICON_NAME = AppIcon;
				ASSETCATALOG_COMPILER_GLOBAL_ACCENT_COLOR_NAME = AccentColor;
				CODE_SIGN_STYLE = Automatic;
				CURRENT_PROJECT_VERSION = 1;
				DEVELOPMENT_ASSET_PATHS = "\"CrySky/Preview Content\"";
				ENABLE_PREVIEWS = YES;
				GENERATE_INFOPLIST_FILE = YES;
				INFOPLIST_FILE = CrySky/Info.plist;
				INFOPLIST_KEY_UIApplicationSceneManifest_Generation = YES;
				INFOPLIST_KEY_UIApplicationSupportsIndirectInputEvents = YES;
				INFOPLIST_KEY_UILaunchScreen_Generation = YES;
				INFOPLIST_KEY_UISupportedInterfaceOrientations_iPad = "UIInterfaceOrientationPortrait UIInterfaceOrientationPortraitUpsideDown UIInterfaceOrientationLandscapeLeft UIInterfaceOrientationLandscapeRight";
				INFOPLIST_KEY_UISupportedInterfaceOrientations_iPhone = "UIInterfaceOrientationPortrait UIInterfaceOrientationLandscapeLeft UIInterfaceOrientationLandscapeRight";
				LD_RUNPATH_SEARCH_PATHS = (
					"$(inherited)",
					"@executable_path/Frameworks",
				);
				MARKETING_VERSION = 1.0;
				PRODUCT_BUNDLE_IDENTIFIER = iti.CrySky;
				PRODUCT_NAME = "$(TARGET_NAME)";
				SWIFT_EMIT_LOC_STRINGS = YES;
				SWIFT_VERSION = 5.0;
				TARGETED_DEVICE_FAMILY = "1,2";
			};
			name = Release;
		};
/* End XCBuildConfiguration section */

/* Begin XCConfigurationList section */
		04477B902BF95D5B006A59E1 /* Build configuration list for PBXProject "CrySky" */ = {
			isa = XCConfigurationList;
			buildConfigurations = (
				04477BA12BF95D5E006A59E1 /* Debug */,
				04477BA22BF95D5E006A59E1 /* Release */,
			);
			defaultConfigurationIsVisible = 0;
			defaultConfigurationName = Release;
		};
		04477BA32BF95D5E006A59E1 /* Build configuration list for PBXNativeTarget "CrySky" */ = {
			isa = XCConfigurationList;
			buildConfigurations = (
				04477BA42BF95D5E006A59E1 /* Debug */,
				04477BA52BF95D5E006A59E1 /* Release */,
			);
			defaultConfigurationIsVisible = 0;
			defaultConfigurationName = Release;
		};
/* End XCConfigurationList section */

/* Begin XCRemoteSwiftPackageReference section */
		045A351E2BFA55140056F604 /* XCRemoteSwiftPackageReference "Alamofire" */ = {
			isa = XCRemoteSwiftPackageReference;
			repositoryURL = "https://github.com/Alamofire/Alamofire.git";
			requirement = {
				kind = upToNextMajorVersion;
				minimumVersion = 5.9.1;
			};
		};
		045A35232BFA55800056F604 /* XCRemoteSwiftPackageReference "Kingfisher" */ = {
			isa = XCRemoteSwiftPackageReference;
			repositoryURL = "https://github.com/onevcat/Kingfisher.git";
			requirement = {
				kind = upToNextMajorVersion;
				minimumVersion = 7.11.0;
			};
		};
/* End XCRemoteSwiftPackageReference section */

/* Begin XCSwiftPackageProductDependency section */
		045A351F2BFA55140056F604 /* Alamofire */ = {
			isa = XCSwiftPackageProductDependency;
			package = 045A351E2BFA55140056F604 /* XCRemoteSwiftPackageReference "Alamofire" */;
			productName = Alamofire;
		};
		045A35212BFA55140056F604 /* AlamofireDynamic */ = {
			isa = XCSwiftPackageProductDependency;
			package = 045A351E2BFA55140056F604 /* XCRemoteSwiftPackageReference "Alamofire" */;
			productName = AlamofireDynamic;
		};
		045A35242BFA55800056F604 /* Kingfisher */ = {
			isa = XCSwiftPackageProductDependency;
			package = 045A35232BFA55800056F604 /* XCRemoteSwiftPackageReference "Kingfisher" */;
			productName = Kingfisher;
		};
/* End XCSwiftPackageProductDependency section */
	};
	rootObject = 04477B8D2BF95D5B006A59E1 /* Project object */;
}
